
Microsoft Visual Studio Solution File, Format Version 12.00
# Visual Studio Version 16
VisualStudioVersion = 16.0.30804.86
MinimumVisualStudioVersion = 10.0.40219.1
Project("{FAE04EC0-301F-11D3-BF4B-00C04F79EFBC}") = "BinarySearchTree", "BinarySearchTree\BinarySearchTree.csproj", "{1DE8431D-6869-4E43-A97F-66BE3C241362}"
EndProject
Global
	GlobalSection(SolutionConfigurationPlatforms) = preSolution
		Debug|Any CPU = Debug|Any CPU
		Release|Any CPU = Release|Any CPU
	EndGlobalSection
	GlobalSection(ProjectConfigurationPlatforms) = postSolution
		{1DE8431D-6869-4E43-A97F-66BE3C241362}.Debug|Any CPU.ActiveCfg = Debug|Any CPU
		{1DE8431D-6869-4E43-A97F-66BE3C241362}.Debug|Any CPU.Build.0 = Debug|Any CPU
		{1DE8431D-6869-4E43-A97F-66BE3C241362}.Release|Any CPU.ActiveCfg = Release|Any CPU
		{1DE8431D-6869-4E43-A97F-66BE3C241362}.Release|Any CPU.Build.0 = Release|Any CPU
	EndGlobalSection
	GlobalSection(SolutionProperties) = preSolution
		HideSolutionNode = FALSE
	EndGlobalSection
	GlobalSection(ExtensibilityGlobals) = postSolution
		SolutionGuid = {97F7B9FF-C30F-466D-877B-9EF8C3EC11D9}
	EndGlobalSection
EndGlobal
